{
  "nodes": {
    "home-manager": {
      "inputs": {
        "nixpkgs": [
          "nixpkgs"
        ]
      },
      "locked": {
        "lastModified": 1760312644,
        "narHash": "sha256-U9SkK45314urw9P7MmjhEgiQwwD/BTj+T3HTuz1JU1Q=",
        "owner": "nix-community",
        "repo": "home-manager",
        "rev": "e121f3773fa596ecaba5b22e518936a632d72a90",
        "type": "github"
      },
      "original": {
        "owner": "nix-community",
        "repo": "home-manager",
        "type": "github"
      }
    },
    "nixpkgs": {
      "locked": {
        "lastModified": 1760361950,
        "narHash": "sha256-kpImlF25rOxJ3HWLZbul0TVOcdr6h0ien7jL9mBspcc=",
        "owner": "nixos",
        "repo": "nixpkgs",
        "rev": "37443d4d54ffd8a9d2522c6bfc085b93a3c6946d",
        "type": "github"
      },
      "original": {
        "owner": "nixos",
        "ref": "master",
        "repo": "nixpkgs",
        "type": "github"
      }
    },
    "nixpkgs-old": {
      "locked": {
        "lastModified": 1755077081,
        "narHash": "sha256-24J7Ox8zZWpL5kHPLCtdYeswgyb4pzLlGm2V1oS6KM8=",
        "owner": "NixOS",
        "repo": "nixpkgs",
        "rev": "c9bd50a653957ee895ff8b6936864b7ece0a7fb6",
        "type": "github"
      },
      "original": {
        "owner": "NixOS",
        "repo": "nixpkgs",
        "rev": "c9bd50a653957ee895ff8b6936864b7ece0a7fb6",
        "type": "github"
      }
    },
    "root": {
      "inputs": {
        "home-manager": "home-manager",
        "nixpkgs": "nixpkgs",
        "nixpkgs-old": "nixpkgs-old"
      }
    }
  },
  "root": "root",
  "version": 7
}
